{
  "nodes": {
    "adw-catppuccin": {
      "flake": false,
      "locked": {
        "lastModified": 1774479458,
        "narHash": "sha256-wpB9gEIKaqOBMqHTpOFJdZWo0z+eg5s3gMwTkvcey8g=",
        "owner": "LuminarLeaf",
        "repo": "adw-catppuccin",
        "rev": "62b2e64ea6b1ccdca7c5eb566e52130c993f03e9",
        "type": "github"
      },
      "original": {
        "owner": "LuminarLeaf",
        "repo": "adw-catppuccin",
        "type": "github"
      }
    },
    "catppuccin": {
      "inputs": {
        "nixpkgs": [
          "nixpkgs"
        ]
      },
      "locked": {
        "lastModified": 1778406663,
        "narHash": "sha256-jGOtlDJAe0MFoOErIxSFs3TQZ7WaCpUt1qnjJ0HhLfw=",
        "owner": "catppuccin",
        "repo": "nix",
        "rev": "a0fa2f1b901473d8aefb2e3026396e3562c1782c",
        "type": "github"
      },
      "original": {
        "owner": "catppuccin",
        "repo": "nix",
        "type": "github"
      }
    },
    "home-manager": {
      "inputs": {
        "nixpkgs": [
          "nixpkgs"
        ]
      },
      "locked": {
        "lastModified": 1778594112,
        "narHash": "sha256-VA9z90SZviIvOcA4QyatA48FIyqb8mmsmH/EsXXWAG4=",
        "owner": "nix-community",
        "repo": "home-manager",
        "rev": "1768d4e49860b86cb7652ee738de0e6b3050dd40",
        "type": "github"
      },
      "original": {
        "owner": "nix-community",
        "ref": "master",
        "repo": "home-manager",
        "type": "github"
      }
    },
    "nix-index-database": {
      "inputs": {
        "nixpkgs": [
          "nixpkgs"
        ]
      },
      "locked": {
        "lastModified": 1778393439,
        "narHash": "sha256-mOtQxUjtKaPHLeoLOY/YEDctmud1X9KwJr4kE1MJ3Wc=",
        "owner": "nix-community",
        "repo": "nix-index-database",
        "rev": "01466c414c7357ae2ce32be4a272a7c69e94ab5f",
        "type": "github"
      },
      "original": {
        "owner": "nix-community",
        "repo": "nix-index-database",
        "type": "github"
      }
    },
    "nixCats": {
      "locked": {
        "lastModified": 1777273601,
        "narHash": "sha256-xBUa8Tl9V7IXI+VmLEuDc81La/EhoSn1C3EVSnJ3cfU=",
        "owner": "BirdeeHub",
        "repo": "nixCats-nvim",
        "rev": "f69ea013e328841a7def7037ed59788a76be8816",
        "type": "github"
      },
      "original": {
        "owner": "BirdeeHub",
        "repo": "nixCats-nvim",
        "type": "github"
      }
    },
    "nixpkgs": {
      "locked": {
        "lastModified": 1778443072,
        "narHash": "sha256-zi7/fsqM/kFdNuED//4WOCUtezGtKKqRNORjMvfwjnA=",
        "owner": "NixOS",
        "repo": "nixpkgs",
        "rev": "da5ad661ba4e5ef59ba743f0d112cbc30e474f32",
        "type": "github"
      },
      "original": {
        "owner": "NixOS",
        "ref": "nixos-unstable",
        "repo": "nixpkgs",
        "type": "github"
      }
    },
    "root": {
      "inputs": {
        "adw-catppuccin": "adw-catppuccin",
        "catppuccin": "catppuccin",
        "home-manager": "home-manager",
        "nix-index-database": "nix-index-database",
        "nixCats": "nixCats",
        "nixpkgs": "nixpkgs",
        "vuetorrent": "vuetorrent",
        "yazi-flavours": "yazi-flavours"
      }
    },
    "vuetorrent": {
      "flake": false,
      "locked": {
        "lastModified": 1777917948,
        "narHash": "sha256-AnQ606UTmm59V9fQEyMDx9WVIjwBNiOFi9rms+RSdNk=",
        "owner": "VueTorrent",
        "repo": "VueTorrent",
        "rev": "5d2c6b346d4083e151055537ed1656435a7dd5c6",
        "type": "github"
      },
      "original": {
        "owner": "VueTorrent",
        "ref": "latest-release",
        "repo": "VueTorrent",
        "type": "github"
      }
    },
    "yazi-flavours": {
      "flake": false,
      "locked": {
        "lastModified": 1775725639,
        "narHash": "sha256-Gm6ThktOLUR+KDs6f3s1WCgrw2TOKQ4tolVvVdCxnCM=",
        "owner": "yazi-rs",
        "repo": "flavors",
        "rev": "06708015bfb53b169d99bb3907829f9175105d57",
        "type": "github"
      },
      "original": {
        "owner": "yazi-rs",
        "repo": "flavors",
        "type": "github"
      }
    }
  },
  "root": "root",
  "version": 7
}
