{
  "nodes": {
    "adw-catppuccin": {
      "flake": false,
      "locked": {
        "lastModified": 1774479458,
        "narHash": "sha256-wpB9gEIKaqOBMqHTpOFJdZWo0z+eg5s3gMwTkvcey8g=",
        "owner": "LuminarLeaf",
        "repo": "adw-catppuccin",
        "rev": "62b2e64ea6b1ccdca7c5eb566e52130c993f03e9",
        "type": "github"
      },
      "original": {
        "owner": "LuminarLeaf",
        "repo": "adw-catppuccin",
        "type": "github"
      }
    },
    "catppuccin": {
      "inputs": {
        "nixpkgs": [
          "nixpkgs"
        ]
      },
      "locked": {
        "lastModified": 1786088497,
        "narHash": "sha256-lUkfsIy1inAB7dxARG2i3seNDHkSmRejEhhH2NYXDJ4=",
        "owner": "catppuccin",
        "repo": "nix",
        "rev": "9e5cacc4e3a2d01c828fc4b29e88fb577241d70f",
        "type": "github"
      },
      "original": {
        "owner": "catppuccin",
        "repo": "nix",
        "type": "github"
      }
    },
    "home-manager": {
      "inputs": {
        "nixpkgs": [
          "nixpkgs"
        ]
      },
      "locked": {
        "lastModified": 1786031233,
        "narHash": "sha256-TIDlLTLI1/pB7IqgjzcKQjpODQsZE2oII4XGG9B6KjI=",
        "owner": "nix-community",
        "repo": "home-manager",
        "rev": "7834e82588860aaf780cec1366524456a70898d7",
        "type": "github"
      },
      "original": {
        "owner": "nix-community",
        "ref": "master",
        "repo": "home-manager",
        "type": "github"
      }
    },
    "nix-index-database": {
      "inputs": {
        "nixpkgs": [
          "nixpkgs"
        ]
      },
      "locked": {
        "lastModified": 1786249295,
        "narHash": "sha256-Y2mSr+HLKYoOsjiackgilxkHXe8gkJ3z4hFFekjQX3I=",
        "owner": "nix-community",
        "repo": "nix-index-database",
        "rev": "14d55b8069119e3b88da7aa2f6c97f86a2cd3cd6",
        "type": "github"
      },
      "original": {
        "owner": "nix-community",
        "repo": "nix-index-database",
        "type": "github"
      }
    },
    "nixCats": {
      "locked": {
        "lastModified": 1777273601,
        "narHash": "sha256-xBUa8Tl9V7IXI+VmLEuDc81La/EhoSn1C3EVSnJ3cfU=",
        "owner": "BirdeeHub",
        "repo": "nixCats-nvim",
        "rev": "f69ea013e328841a7def7037ed59788a76be8816",
        "type": "github"
      },
      "original": {
        "owner": "BirdeeHub",
        "repo": "nixCats-nvim",
        "type": "github"
      }
    },
    "nixpkgs": {
      "locked": {
        "lastModified": 1786106723,
        "narHash": "sha256-zDSUbpoeo/9ZmD2+wXnzxoo1+uhL8vxc0b8yuYMKYq0=",
        "owner": "NixOS",
        "repo": "nixpkgs",
        "rev": "f13ff45afd1bb73e640eaa08a7066dbed07e3238",
        "type": "github"
      },
      "original": {
        "owner": "NixOS",
        "ref": "nixos-unstable",
        "repo": "nixpkgs",
        "type": "github"
      }
    },
    "nixpkgs-patcher": {
      "locked": {
        "lastModified": 1781789965,
        "narHash": "sha256-ZRlWPq2Qms6KbesJrj7cUe2GN7s8BZISfp9ZbrCi2x0=",
        "owner": "gepbird",
        "repo": "nixpkgs-patcher",
        "rev": "d2abed2b94b7955e05b4e2e8a9b8ac45597ecf94",
        "type": "github"
      },
      "original": {
        "owner": "gepbird",
        "repo": "nixpkgs-patcher",
        "type": "github"
      }
    },
    "root": {
      "inputs": {
        "adw-catppuccin": "adw-catppuccin",
        "catppuccin": "catppuccin",
        "home-manager": "home-manager",
        "nix-index-database": "nix-index-database",
        "nixCats": "nixCats",
        "nixpkgs": "nixpkgs",
        "nixpkgs-patcher": "nixpkgs-patcher",
        "yazi-flavours": "yazi-flavours"
      }
    },
    "yazi-flavours": {
      "flake": false,
      "locked": {
        "lastModified": 1786094737,
        "narHash": "sha256-Dy73TfcrcbCXY9lwDszNgAKLiCAHf1KIwC4Q5U6k21E=",
        "owner": "yazi-rs",
        "repo": "flavors",
        "rev": "be0b21d0873092a63946cc2678dd700aac945902",
        "type": "github"
      },
      "original": {
        "owner": "yazi-rs",
        "repo": "flavors",
        "type": "github"
      }
    }
  },
  "root": "root",
  "version": 7
}
